
Microsoft Visual Studio Solution File, Format Version 12.00
# Visual Studio Version 17
VisualStudioVersion = 17.11.35431.28
MinimumVisualStudioVersion = 10.0.40219.1
Project("{FAE04EC0-301F-11D3-BF4B-00C04F79EFBC}") = "Group8_BrarPena", "Group8_BrarPena.csproj", "{15426333-E9DB-4207-95D8-D1CE01A25DB9}"
EndProject
Global
	GlobalSection(SolutionConfigurationPlatforms) = preSolution
		Debug|Any CPU = Debug|Any CPU
		Release|Any CPU = Release|Any CPU
	EndGlobalSection
	GlobalSection(ProjectConfigurationPlatforms) = postSolution
		{15426333-E9DB-4207-95D8-D1CE01A25DB9}.Debug|Any CPU.ActiveCfg = Debug|Any CPU
		{15426333-E9DB-4207-95D8-D1CE01A25DB9}.Debug|Any CPU.Build.0 = Debug|Any CPU
		{15426333-E9DB-4207-95D8-D1CE01A25DB9}.Release|Any CPU.ActiveCfg = Release|Any CPU
		{15426333-E9DB-4207-95D8-D1CE01A25DB9}.Release|Any CPU.Build.0 = Release|Any CPU
	EndGlobalSection
	GlobalSection(SolutionProperties) = preSolution
		HideSolutionNode = FALSE
	EndGlobalSection
	GlobalSection(ExtensibilityGlobals) = postSolution
		SolutionGuid = {A152AE26-8944-4FE2-A7B0-A0578FC191AE}
	EndGlobalSection
EndGlobal
